
Microsoft Visual Studio Solution File, Format Version 12.00
# Visual Studio Version 17
VisualStudioVersion = 17.5.002.0
MinimumVisualStudioVersion = 10.0.40219.1
Project("{9A19103F-16F7-4668-BE54-9A1E7A4F7556}") = "DesafioPOO", "DesafioPOO.csproj", "{9E9817B7-11FD-4269-9DBB-D28663623C43}"
EndProject
Global
	GlobalSection(SolutionConfigurationPlatforms) = preSolution
		Debug|Any CPU = Debug|Any CPU
		Release|Any CPU = Release|Any CPU
	EndGlobalSection
	GlobalSection(ProjectConfigurationPlatforms) = postSolution
		{9E9817B7-11FD-4269-9DBB-D28663623C43}.Debug|Any CPU.ActiveCfg = Debug|Any CPU
		{9E9817B7-11FD-4269-9DBB-D28663623C43}.Debug|Any CPU.Build.0 = Debug|Any CPU
		{9E9817B7-11FD-4269-9DBB-D28663623C43}.Release|Any CPU.ActiveCfg = Release|Any CPU
		{9E9817B7-11FD-4269-9DBB-D28663623C43}.Release|Any CPU.Build.0 = Release|Any CPU
	EndGlobalSection
	GlobalSection(SolutionProperties) = preSolution
		HideSolutionNode = FALSE
	EndGlobalSection
	GlobalSection(ExtensibilityGlobals) = postSolution
		SolutionGuid = {3A2C062F-A979-4666-BD16-37392AB794CF}
	EndGlobalSection
EndGlobal
